PODS:
  - CocoaAsyncSocket (7.6.5)
  - Criollo (1.1.0):
    - CocoaAsyncSocket (~> 7.6.5)
  - Sparkle (2.8.1)

DEPENDENCIES:
  - Criollo (~> 1.0)
  - Sparkle (~> 2.0)

SPEC REPOS:
  https://github.com/CocoaPods/Specs.git:
    - CocoaAsyncSocket
    - Criollo
    - Sparkle

SPEC CHECKSUMS:
  CocoaAsyncSocket: 065fd1e645c7abab64f7a6a2007a48038fdc6a99
  Criollo: 7e97de7e9231f080dbe58585f410a1779eca5828
  Sparkle: a346a4341537c625955751ed3ae4b340b68551fa

PODFILE CHECKSUM: 7f051017b517c4f6a4bcb3d6134503772a09cc96

COCOAPODS: 1.11.3
